# THIS IS AN AUTOGENERATED FILE. DO NOT EDIT THIS FILE DIRECTLY.
# yarn lockfile v1


"@types/is-plain-object@^2.0.4":
  version "2.0.4"
  resolved "https://registry.npmjs.org/@types/is-plain-object/-/is-plain-object-2.0.4.tgz#20fbadb3bec1eb1bccb7adc2001fff29b37a0168"
  integrity sha512-najbe//S/ThT7nEh+iLmXNUFMWQHf7x2QUrsMgtF/apA8dJl8rCsfWr9f8XG9nBo+NyT5TbT92IFIJji9ZmsRQ==
  dependencies:
    is-plain-object "*"

"@types/lodash@^4.14.184":
  version "4.14.184"
  resolved "https://registry.npmjs.org/@types/lodash/-/lodash-4.14.184.tgz#23f96cd2a21a28e106dc24d825d4aa966de7a9fe"
  integrity sha512-RoZphVtHbxPZizt4IcILciSWiC6dcn+eZ8oX9IWEYfDMcocdd42f7NPI6fQj+6zI8y4E0L7gu2pcZKLGTRaV9Q==

is-plain-object@*:
  version "5.0.0"
  resolved "https://registry.npmjs.org/is-plain-object/-/is-plain-object-5.0.0.tgz#4427f50ab3429e9025ea7d52e9043a9ef4159344"
  integrity sha512-VRSzKkbMm5jMDoKLbltAkFQ5Qr7VDiTFGXxYFXXowVj387GeGNOCsOH6Msy00SGZ3Fp84b1Naa1psqgcCIEP5Q==

lodash@^4.17.21:
  version "4.17.21"
  resolved "https://registry.npmjs.org/lodash/-/lodash-4.17.21.tgz#679591c564c3bffaae8454cf0b3df370c3d6911c"
  integrity sha512-v2kDEe57lecTulaDIuNTPy3Ry4gLGJ6Z1O3vE1krgXZNrsQ+LFTGHVxVjcXPs17LhbZVGedAJv8XZ1tvj5FvSg==
